// !$*UTF8*$!
{
	archiveVersion = 1;
	classes = {
	};
	objectVersion = 46;
	objects = {

/* Begin PBXBuildFile section */
		EEDD86971A0640DF003C280F /* AppDelegate.swift in Sources */ = {isa = PBXBuildFile; fileRef = EEDD86961A0640DF003C280F /* AppDelegate.swift */; };
		EEDD86991A0640DF003C280F /* ViewController.swift in Sources */ = {isa = PBXBuildFile; fileRef = EEDD86981A0640DF003C280F /* ViewController.swift */; };
		EEDD869C1A0640DF003C280F /* Main.storyboard in Resources */ = {isa = PBXBuildFile; fileRef = EEDD869A1A0640DF003C280F /* Main.storyboard */; };
		EEDD869E1A0640DF003C280F /* Images.xcassets in Resources */ = {isa = PBXBuildFile; fileRef = EEDD869D1A0640DF003C280F /* Images.xcassets */; };
		EEDD86A11A0640DF003C280F /* LaunchScreen.xib in Resources */ = {isa = PBXBuildFile; fileRef = EEDD869F1A0640DF003C280F /* LaunchScreen.xib */; };
		EEDD86AD1A0640DF003C280F /* PostcardTests.swift in Sources */ = {isa = PBXBuildFile; fileRef = EEDD86AC1A0640DF003C280F /* PostcardTests.swift */; };
		EEDD86B71A06419E003C280F /* SagradaFamilia.jpeg in Resources */ = {isa = PBXBuildFile; fileRef = EEDD86B61A06419E003C280F /* SagradaFamilia.jpeg */; };
		EEDD86B91A065DD5003C280F /* AlbertEinsteinStamp.jpg in Resources */ = {isa = PBXBuildFile; fileRef = EEDD86B81A065DD5003C280F /* AlbertEinsteinStamp.jpg */; };
/* End PBXBuildFile section */

/* Begin PBXContainerItemProxy section */
		EEDD86A71A0640DF003C280F /* PBXContainerItemProxy */ = {
			isa = PBXContainerItemProxy;
			containerPortal = EEDD86891A0640DE003C280F /* Project object */;
			proxyType = 1;
			remoteGlobalIDString = EEDD86901A0640DF003C280F;
			remoteInfo = Postcard;
		};
/* End PBXContainerItemProxy section */

/* Begin PBXFileReference section */
		EEDD86911A0640DF003C280F /* Postcard.app */ = {isa = PBXFileReference; explicitFileType = wrapper.application; includeInIndex = 0; path = Postcard.app; sourceTree = BUILT_PRODUCTS_DIR; };
		EEDD86951A0640DF003C280F /* Info.plist */ = {isa = PBXFileReference; lastKnownFileType = text.plist.xml; path = Info.plist; sourceTree = "<group>"; };
		EEDD86961A0640DF003C280F /* AppDelegate.swift */ = {isa = PBXFileReference; lastKnownFileType = sourcecode.swift; path = AppDelegate.swift; sourceTree = "<group>"; };
		EEDD86981A0640DF003C280F /* ViewController.swift */ = {isa = PBXFileReference; lastKnownFileType = sourcecode.swift; path = ViewController.swift; sourceTree = "<group>"; };
		EEDD869B1A0640DF003C280F /* Base */ = {isa = PBXFileReference; lastKnownFileType = file.storyboard; name = Base; path = Base.lproj/Main.storyboard; sourceTree = "<group>"; };
		EEDD869D1A0640DF003C280F /* Images.xcassets */ = {isa = PBXFileReference; lastKnownFileType = folder.assetcatalog; path = Images.xcassets; sourceTree = "<group>"; };
		EEDD86A01A0640DF003C280F /* Base */ = {isa = PBXFileReference; lastKnownFileType = file.xib; name = Base; path = Base.lproj/LaunchScreen.xib; sourceTree = "<group>"; };
		EEDD86A61A0640DF003C280F /* PostcardTests.xctest */ = {isa = PBXFileReference; explicitFileType = wrapper.cfbundle; includeInIndex = 0; path = PostcardTests.xctest; sourceTree = BUILT_PRODUCTS_DIR; };
		EEDD86AB1A0640DF003C280F /* Info.plist */ = {isa = PBXFileReference; lastKnownFileType = text.plist.xml; path = Info.plist; sourceTree = "<group>"; };
		EEDD86AC1A0640DF003C280F /* PostcardTests.swift */ = {isa = PBXFileReference; lastKnownFileType = sourcecode.swift; path = PostcardTests.swift; sourceTree = "<group>"; };
		EEDD86B61A06419E003C280F /* SagradaFamilia.jpeg */ = {isa = PBXFileReference; lastKnownFileType = image.jpeg; path = SagradaFamilia.jpeg; sourceTree = "<group>"; };
		EEDD86B81A065DD5003C280F /* AlbertEinsteinStamp.jpg */ = {isa = PBXFileReference; lastKnownFileType = image.jpeg; path = AlbertEinsteinStamp.jpg; sourceTree = "<group>"; };
/* End PBXFileReference section */

/* Begin PBXFrameworksBuildPhase section */
		EEDD868E1A0640DF003C280F /* Frameworks */ = {
			isa = PBXFrameworksBuildPhase;
			buildActionMask = 2147483647;
			files = (
			);
			runOnlyForDeploymentPostprocessing = 0;
		};
		EEDD86A31A0640DF003C280F /* Frameworks */ = {
			isa = PBXFrameworksBuildPhase;
			buildActionMask = 2147483647;
			files = (
			);
			runOnlyForDeploymentPostprocessing = 0;
		};
/* End PBXFrameworksBuildPhase section */

/* Begin PBXGroup section */
		EEDD86881A0640DE003C280F = {
			isa = PBXGroup;
			children = (
				EEDD86931A0640DF003C280F /* Postcard */,
				EEDD86A91A0640DF003C280F /* PostcardTests */,
				EEDD86921A0640DF003C280F /* Products */,
			);
			sourceTree = "<group>";
		};
		EEDD86921A0640DF003C280F /* Products */ = {
			isa = PBXGroup;
			children = (
				EEDD86911A0640DF003C280F /* Postcard.app */,
				EEDD86A61A0640DF003C280F /* PostcardTests.xctest */,
			);
			name = Products;
			sourceTree = "<group>";
		};
		EEDD86931A0640DF003C280F /* Postcard */ = {
			isa = PBXGroup;
			children = (
				EEDD86961A0640DF003C280F /* AppDelegate.swift */,
				EEDD86981A0640DF003C280F /* ViewController.swift */,
				EEDD869A1A0640DF003C280F /* Main.storyboard */,
				EEDD869D1A0640DF003C280F /* Images.xcassets */,
				EEDD869F1A0640DF003C280F /* LaunchScreen.xib */,
				EEDD86941A0640DF003C280F /* Supporting Files */,
			);
			path = Postcard;
			sourceTree = "<group>";
		};
		EEDD86941A0640DF003C280F /* Supporting Files */ = {
			isa = PBXGroup;
			children = (
				EEDD86B81A065DD5003C280F /* AlbertEinsteinStamp.jpg */,
				EEDD86B61A06419E003C280F /* SagradaFamilia.jpeg */,
				EEDD86951A0640DF003C280F /* Info.plist */,
			);
			name = "Supporting Files";
			sourceTree = "<group>";
		};
		EEDD86A91A0640DF003C280F /* PostcardTests */ = {
			isa = PBXGroup;
			children = (
				EEDD86AC1A0640DF003C280F /* PostcardTests.swift */,
				EEDD86AA1A0640DF003C280F /* Supporting Files */,
			);
			path = PostcardTests;
			sourceTree = "<group>";
		};
		EEDD86AA1A0640DF003C280F /* Supporting Files */ = {
			isa = PBXGroup;
			children = (
				EEDD86AB1A0640DF003C280F /* Info.plist */,
			);
			name = "Supporting Files";
			sourceTree = "<group>";
		};
/* End PBXGroup section */

/* Begin PBXNativeTarget section */
		EEDD86901A0640DF003C280F /* Postcard */ = {
			isa = PBXNativeTarget;
			buildConfigurationList = EEDD86B01A0640DF003C280F /* Build configuration list for PBXNativeTarget "Postcard" */;
			buildPhases = (
				EEDD868D1A0640DF003C280F /* Sources */,
				EEDD868E1A0640DF003C280F /* Frameworks */,
				EEDD868F1A0640DF003C280F /* Resources */,
			);
			buildRules = (
			);
			dependencies = (
			);
			name = Postcard;
			productName = Postcard;
			productReference = EEDD86911A0640DF003C280F /* Postcard.app */;
			productType = "com.apple.product-type.application";
		};
		EEDD86A51A0640DF003C280F /* PostcardTests */ = {
			isa = PBXNativeTarget;
			buildConfigurationList = EEDD86B31A0640DF003C280F /* Build configuration list for PBXNativeTarget "PostcardTests" */;
			buildPhases = (
				EEDD86A21A0640DF003C280F /* Sources */,
				EEDD86A31A0640DF003C280F /* Frameworks */,
				EEDD86A41A0640DF003C280F /* Resources */,
			);
			buildRules = (
			);
			dependencies = (
				EEDD86A81A0640DF003C280F /* PBXTargetDependency */,
			);
			name = PostcardTests;
			productName = PostcardTests;
			productReference = EEDD86A61A0640DF003C280F /* PostcardTests.xctest */;
			productType = "com.apple.product-type.bundle.unit-test";
		};
/* End PBXNativeTarget section */

/* Begin PBXProject section */
		EEDD86891A0640DE003C280F /* Project object */ = {
			isa = PBXProject;
			attributes = {
				LastUpgradeCheck = 0600;
				ORGANIZATIONNAME = "Jayhan Sim";
				TargetAttributes = {
					EEDD86901A0640DF003C280F = {
						CreatedOnToolsVersion = 6.0.1;
					};
					EEDD86A51A0640DF003C280F = {
						CreatedOnToolsVersion = 6.0.1;
						TestTargetID = EEDD86901A0640DF003C280F;
					};
				};
			};
			buildConfigurationList = EEDD868C1A0640DF003C280F /* Build configuration list for PBXProject "Postcard" */;
			compatibilityVersion = "Xcode 3.2";
			developmentRegion = English;
			hasScannedForEncodings = 0;
			knownRegions = (
				en,
				Base,
			);
			mainGroup = EEDD86881A0640DE003C280F;
			productRefGroup = EEDD86921A0640DF003C280F /* Products */;
			projectDirPath = "";
			projectRoot = "";
			targets = (
				EEDD86901A0640DF003C280F /* Postcard */,
				EEDD86A51A0640DF003C280F /* PostcardTests */,
			);
		};
/* End PBXProject section */

/* Begin PBXResourcesBuildPhase section */
		EEDD868F1A0640DF003C280F /* Resources */ = {
			isa = PBXResourcesBuildPhase;
			buildActionMask = 2147483647;
			files = (
				EEDD869C1A0640DF003C280F /* Main.storyboard in Resources */,
				EEDD86B71A06419E003C280F /* SagradaFamilia.jpeg in Resources */,
				EEDD86B91A065DD5003C280F /* AlbertEinsteinStamp.jpg in Resources */,
				EEDD86A11A0640DF003C280F /* LaunchScreen.xib in Resources */,
				EEDD869E1A0640DF003C280F /* Images.xcassets in Resources */,
			);
			runOnlyForDeploymentPostprocessing = 0;
		};
		EEDD86A41A0640DF003C280F /* Resources */ = {
			isa = PBXResourcesBuildPhase;
			buildActionMask = 2147483647;
			files = (
			);
			runOnlyForDeploymentPostprocessing = 0;
		};
/* End PBXResourcesBuildPhase section */

/* Begin PBXSourcesBuildPhase section */
		EEDD868D1A0640DF003C280F /* Sources */ = {
			isa = PBXSourcesBuildPhase;
			buildActionMask = 2147483647;
			files = (
				EEDD86991A0640DF003C280F /* ViewController.swift in Sources */,
				EEDD86971A0640DF003C280F /* AppDelegate.swift in Sources */,
			);
			runOnlyForDeploymentPostprocessing = 0;
		};
		EEDD86A21A0640DF003C280F /* Sources */ = {
			isa = PBXSourcesBuildPhase;
			buildActionMask = 2147483647;
			files = (
				EEDD86AD1A0640DF003C280F /* PostcardTests.swift in Sources */,
			);
			runOnlyForDeploymentPostprocessing = 0;
		};
/* End PBXSourcesBuildPhase section */

/* Begin PBXTargetDependency section */
		EEDD86A81A0640DF003C280F /* PBXTargetDependency */ = {
			isa = PBXTargetDependency;
			target = EEDD86901A0640DF003C280F /* Postcard */;
			targetProxy = EEDD86A71A0640DF003C280F /* PBXContainerItemProxy */;
		};
/* End PBXTargetDependency section */

/* Begin PBXVariantGroup section */
		EEDD869A1A0640DF003C280F /* Main.storyboard */ = {
			isa = PBXVariantGroup;
			children = (
				EEDD869B1A0640DF003C280F /* Base */,
			);
			name = Main.storyboard;
			sourceTree = "<group>";
		};
		EEDD869F1A0640DF003C280F /* LaunchScreen.xib */ = {
			isa = PBXVariantGroup;
			children = (
				EEDD86A01A0640DF003C280F /* Base */,
			);
			name = LaunchScreen.xib;
			sourceTree = "<group>";
		};
/* End PBXVariantGroup section */

/* Begin XCBuildConfiguration section */
		EEDD86AE1A0640DF003C280F /* Debug */ = {
			isa = XCBuildConfiguration;
			buildSettings = {
				ALWAYS_SEARCH_USER_PATHS = NO;
				CLANG_CXX_LANGUAGE_STANDARD = "gnu++0x";
				CLANG_CXX_LIBRARY = "libc++";
				CLANG_ENABLE_MODULES = YES;
				CLANG_ENABLE_OBJC_ARC = YES;
				CLANG_WARN_BOOL_CONVERSION = YES;
				CLANG_WARN_CONSTANT_CONVERSION = YES;
				CLANG_WARN_DIRECT_OBJC_ISA_USAGE = YES_ERROR;
				CLANG_WARN_EMPTY_BODY = YES;
				CLANG_WARN_ENUM_CONVERSION = YES;
				CLANG_WARN_INT_CONVERSION = YES;
				CLANG_WARN_OBJC_ROOT_CLASS = YES_ERROR;
				CLANG_WARN_UNREACHABLE_CODE = YES;
				CLANG_WARN__DUPLICATE_METHOD_MATCH = YES;
				"CODE_SIGN_IDENTITY[sdk=iphoneos*]" = "iPhone Developer";
				COPY_PHASE_STRIP = NO;
				ENABLE_STRICT_OBJC_MSGSEND = YES;
				GCC_C_LANGUAGE_STANDARD = gnu99;
				GCC_DYNAMIC_NO_PIC = NO;
				GCC_OPTIMIZATION_LEVEL = 0;
				GCC_PREPROCESSOR_DEFINITIONS = (
					"DEBUG=1",
					"$(inherited)",
				);
				GCC_SYMBOLS_PRIVATE_EXTERN = NO;
				GCC_WARN_64_TO_32_BIT_CONVERSION = YES;
				GCC_WARN_ABOUT_RETURN_TYPE = YES_ERROR;
				GCC_WARN_UNDECLARED_SELECTOR = YES;
				GCC_WARN_UNINITIALIZED_AUTOS = YES_AGGRESSIVE;
				GCC_WARN_UNUSED_FUNCTION = YES;
				GCC_WARN_UNUSED_VARIABLE = YES;
				IPHONEOS_DEPLOYMENT_TARGET = 8.0;
				MTL_ENABLE_DEBUG_INFO = YES;
				ONLY_ACTIVE_ARCH = YES;
				SDKROOT = iphoneos;
				SWIFT_OPTIMIZATION_LEVEL = "-Onone";
				TARGETED_DEVICE_FAMILY = "1,2";
			};
			name = Debug;
		};
		EEDD86AF1A0640DF003C280F /* Release */ = {
			isa = XCBuildConfiguration;
			buildSettings = {
				ALWAYS_SEARCH_USER_PATHS = NO;
				CLANG_CXX_LANGUAGE_STANDARD = "gnu++0x";
				CLANG_CXX_LIBRARY = "libc++";
				CLANG_ENABLE_MODULES = YES;
				CLANG_ENABLE_OBJC_ARC = YES;
				CLANG_WARN_BOOL_CONVERSION = YES;
				CLANG_WARN_CONSTANT_CONVERSION = YES;
				CLANG_WARN_DIRECT_OBJC_ISA_USAGE = YES_ERROR;
				CLANG_WARN_EMPTY_BODY = YES;
				CLANG_WARN_ENUM_CONVERSION = YES;
				CLANG_WARN_INT_CONVERSION = YES;
				CLANG_WARN_OBJC_ROOT_CLASS = YES_ERROR;
				CLANG_WARN_UNREACHABLE_CODE = YES;
				CLANG_WARN__DUPLICATE_METHOD_MATCH = YES;
				"CODE_SIGN_IDENTITY[sdk=iphoneos*]" = "iPhone Developer";
				COPY_PHASE_STRIP = YES;
				ENABLE_NS_ASSERTIONS = NO;
				ENABLE_STRICT_OBJC_MSGSEND = YES;
				GCC_C_LANGUAGE_STANDARD = gnu99;
				GCC_WARN_64_TO_32_BIT_CONVERSION = YES;
				GCC_WARN_ABOUT_RETURN_TYPE = YES_ERROR;
				GCC_WARN_UNDECLARED_SELECTOR = YES;
				GCC_WARN_UNINITIALIZED_AUTOS = YES_AGGRESSIVE;
				GCC_WARN_UNUSED_FUNCTION = YES;
				GCC_WARN_UNUSED_VARIABLE = YES;
				IPHONEOS_DEPLOYMENT_TARGET = 8.0;
				MTL_ENABLE_DEBUG_INFO = NO;
				SDKROOT = iphoneos;
				TARGETED_DEVICE_FAMILY = "1,2";
				VALIDATE_PRODUCT = YES;
			};
			name = Release;
		};
		EEDD86B11A0640DF003C280F /* Debug */ = {
			isa = XCBuildConfiguration;
			buildSettings = {
				ASSETCATALOG_COMPILER_APPICON_NAME = AppIcon;
				INFOPLIST_FILE = Postcard/Info.plist;
				LD_RUNPATH_SEARCH_PATHS = "$(inherited) @executable_path/Frameworks";
				PRODUCT_NAME = "$(TARGET_NAME)";
			};
			name = Debug;
		};
		EEDD86B21A0640DF003C280F /* Release */ = {
			isa = XCBuildConfiguration;
			buildSettings = {
				ASSETCATALOG_COMPILER_APPICON_NAME = AppIcon;
				INFOPLIST_FILE = Postcard/Info.plist;
				LD_RUNPATH_SEARCH_PATHS = "$(inherited) @executable_path/Frameworks";
				PRODUCT_NAME = "$(TARGET_NAME)";
			};
			name = Release;
		};
		EEDD86B41A0640DF003C280F /* Debug */ = {
			isa = XCBuildConfiguration;
			buildSettings = {
				BUNDLE_LOADER = "$(TEST_HOST)";
				FRAMEWORK_SEARCH_PATHS = (
					"$(SDKROOT)/Developer/Library/Frameworks",
					"$(inherited)",
				);
				GCC_PREPROCESSOR_DEFINITIONS = (
					"DEBUG=1",
					"$(inherited)",
				);
				INFOPLIST_FILE = PostcardTests/Info.plist;
				LD_RUNPATH_SEARCH_PATHS = "$(inherited) @executable_path/Frameworks @loader_path/Frameworks";
				PRODUCT_NAME = "$(TARGET_NAME)";
				TEST_HOST = "$(BUILT_PRODUCTS_DIR)/Postcard.app/Postcard";
			};
			name = Debug;
		};
		EEDD86B51A0640DF003C280F /* Release */ = {
			isa = XCBuildConfiguration;
			buildSettings = {
				BUNDLE_LOADER = "$(TEST_HOST)";
				FRAMEWORK_SEARCH_PATHS = (
					"$(SDKROOT)/Developer/Library/Frameworks",
					"$(inherited)",
				);
				INFOPLIST_FILE = PostcardTests/Info.plist;
				LD_RUNPATH_SEARCH_PATHS = "$(inherited) @executable_path/Frameworks @loader_path/Frameworks";
				PRODUCT_NAME = "$(TARGET_NAME)";
				TEST_HOST = "$(BUILT_PRODUCTS_DIR)/Postcard.app/Postcard";
			};
			name = Release;
		};
/* End XCBuildConfiguration section */

/* Begin XCConfigurationList section */
		EEDD868C1A0640DF003C280F /* Build configuration list for PBXProject "Postcard" */ = {
			isa = XCConfigurationList;
			buildConfigurations = (
				EEDD86AE1A0640DF003C280F /* Debug */,
				EEDD86AF1A0640DF003C280F /* Release */,
			);
			defaultConfigurationIsVisible = 0;
			defaultConfigurationName = Release;
		};
		EEDD86B01A0640DF003C280F /* Build configuration list for PBXNativeTarget "Postcard" */ = {
			isa = XCConfigurationList;
			buildConfigurations = (
				EEDD86B11A0640DF003C280F /* Debug */,
				EEDD86B21A0640DF003C280F /* Release */,
			);
			defaultConfigurationIsVisible = 0;
			defaultConfigurationName = Release;
		};
		EEDD86B31A0640DF003C280F /* Build configuration list for PBXNativeTarget "PostcardTests" */ = {
			isa = XCConfigurationList;
			buildConfigurations = (
				EEDD86B41A0640DF003C280F /* Debug */,
				EEDD86B51A0640DF003C280F /* Release */,
			);
			defaultConfigurationIsVisible = 0;
			defaultConfigurationName = Release;
		};
/* End XCConfigurationList section */
	};
	rootObject = EEDD86891A0640DE003C280F /* Project object */;
}
